
Microsoft Visual Studio Solution File, Format Version 12.00
# Visual Studio 15
VisualStudioVersion = 15.0.28307.572
MinimumVisualStudioVersion = 10.0.40219.1
Project("{FAE04EC0-301F-11D3-BF4B-00C04F79EFBC}") = "Rule of Three", "Rule of Three\Rule of Three.csproj", "{B0D5CBF5-F92A-461A-BCF0-8876E7C691C3}"
EndProject
Global
	GlobalSection(SolutionConfigurationPlatforms) = preSolution
		Debug|Any CPU = Debug|Any CPU
		Release|Any CPU = Release|Any CPU
	EndGlobalSection
	GlobalSection(ProjectConfigurationPlatforms) = postSolution
		{B0D5CBF5-F92A-461A-BCF0-8876E7C691C3}.Debug|Any CPU.ActiveCfg = Debug|Any CPU
		{B0D5CBF5-F92A-461A-BCF0-8876E7C691C3}.Debug|Any CPU.Build.0 = Debug|Any CPU
		{B0D5CBF5-F92A-461A-BCF0-8876E7C691C3}.Release|Any CPU.ActiveCfg = Release|Any CPU
		{B0D5CBF5-F92A-461A-BCF0-8876E7C691C3}.Release|Any CPU.Build.0 = Release|Any CPU
	EndGlobalSection
	GlobalSection(SolutionProperties) = preSolution
		HideSolutionNode = FALSE
	EndGlobalSection
	GlobalSection(ExtensibilityGlobals) = postSolution
		SolutionGuid = {65E3A88A-F1B4-46DC-A9C7-9BDD872CC234}
	EndGlobalSection
EndGlobal
